
Microsoft Visual Studio Solution File, Format Version 12.00
# Visual Studio Version 17
VisualStudioVersion = 17.13.35913.81 d17.13
MinimumVisualStudioVersion = 10.0.40219.1
Project("{FAE04EC0-301F-11D3-BF4B-00C04F79EFBC}") = "Assessmnet 2", "Assessmnet 2.csproj", "{E1B5A761-9C2B-4D0C-AE4B-611446F48E76}"
EndProject
Global
	GlobalSection(SolutionConfigurationPlatforms) = preSolution
		Debug|Any CPU = Debug|Any CPU
		Release|Any CPU = Release|Any CPU
	EndGlobalSection
	GlobalSection(ProjectConfigurationPlatforms) = postSolution
		{E1B5A761-9C2B-4D0C-AE4B-611446F48E76}.Debug|Any CPU.ActiveCfg = Debug|Any CPU
		{E1B5A761-9C2B-4D0C-AE4B-611446F48E76}.Debug|Any CPU.Build.0 = Debug|Any CPU
		{E1B5A761-9C2B-4D0C-AE4B-611446F48E76}.Release|Any CPU.ActiveCfg = Release|Any CPU
		{E1B5A761-9C2B-4D0C-AE4B-611446F48E76}.Release|Any CPU.Build.0 = Release|Any CPU
	EndGlobalSection
	GlobalSection(SolutionProperties) = preSolution
		HideSolutionNode = FALSE
	EndGlobalSection
	GlobalSection(ExtensibilityGlobals) = postSolution
		SolutionGuid = {D3223325-8D47-48F6-9E18-B2CAE0BD6F06}
	EndGlobalSection
EndGlobal
