
Microsoft Visual Studio Solution File, Format Version 12.00
# Visual Studio Version 17
VisualStudioVersion = 17.13.35913.81 d17.13
MinimumVisualStudioVersion = 10.0.40219.1
Project("{FAE04EC0-301F-11D3-BF4B-00C04F79EFBC}") = "assesssment3", "assesssment3.csproj", "{66AC455F-5946-49BB-9585-A8DE719BC3D6}"
EndProject
Project("{FAE04EC0-301F-11D3-BF4B-00C04F79EFBC}") = "CountrySet", "..\CountrySet\CountrySet.csproj", "{2DF4D9BC-D6EE-4C98-808B-33C4D39BF49D}"
EndProject
Project("{FAE04EC0-301F-11D3-BF4B-00C04F79EFBC}") = "Capital", "..\Capital\Capital.csproj", "{6CFF3F0B-2B03-44F1-9D1D-D6D83E5F7DD8}"
EndProject
Global
	GlobalSection(SolutionConfigurationPlatforms) = preSolution
		Debug|Any CPU = Debug|Any CPU
		Release|Any CPU = Release|Any CPU
	EndGlobalSection
	GlobalSection(ProjectConfigurationPlatforms) = postSolution
		{66AC455F-5946-49BB-9585-A8DE719BC3D6}.Debug|Any CPU.ActiveCfg = Debug|Any CPU
		{66AC455F-5946-49BB-9585-A8DE719BC3D6}.Debug|Any CPU.Build.0 = Debug|Any CPU
		{66AC455F-5946-49BB-9585-A8DE719BC3D6}.Release|Any CPU.ActiveCfg = Release|Any CPU
		{66AC455F-5946-49BB-9585-A8DE719BC3D6}.Release|Any CPU.Build.0 = Release|Any CPU
		{2DF4D9BC-D6EE-4C98-808B-33C4D39BF49D}.Debug|Any CPU.ActiveCfg = Debug|Any CPU
		{2DF4D9BC-D6EE-4C98-808B-33C4D39BF49D}.Debug|Any CPU.Build.0 = Debug|Any CPU
		{2DF4D9BC-D6EE-4C98-808B-33C4D39BF49D}.Release|Any CPU.ActiveCfg = Release|Any CPU
		{2DF4D9BC-D6EE-4C98-808B-33C4D39BF49D}.Release|Any CPU.Build.0 = Release|Any CPU
		{6CFF3F0B-2B03-44F1-9D1D-D6D83E5F7DD8}.Debug|Any CPU.ActiveCfg = Debug|Any CPU
		{6CFF3F0B-2B03-44F1-9D1D-D6D83E5F7DD8}.Debug|Any CPU.Build.0 = Debug|Any CPU
		{6CFF3F0B-2B03-44F1-9D1D-D6D83E5F7DD8}.Release|Any CPU.ActiveCfg = Release|Any CPU
		{6CFF3F0B-2B03-44F1-9D1D-D6D83E5F7DD8}.Release|Any CPU.Build.0 = Release|Any CPU
	EndGlobalSection
	GlobalSection(SolutionProperties) = preSolution
		HideSolutionNode = FALSE
	EndGlobalSection
	GlobalSection(ExtensibilityGlobals) = postSolution
		SolutionGuid = {7BA19B5F-9A0C-48BE-85AD-8A01CAFD2F40}
	EndGlobalSection
EndGlobal
